<?xml version="1.0" encoding="utf-8"?>
<Project ToolsVersion="4.0" xmlns="http://schemas.microsoft.com/developer/msbuild/2003">
  <ItemGroup>
    <Filter Include="Kernstuck">
      <UniqueIdentifier>{9FC2F398-0B2D-A80F-546B-59B5C0148664}</UniqueIdentifier>
    </Filter>
  </ItemGroup>
  <ItemGroup>
    <ClInclude Include="src\Kernstuck.h" />
    <ClInclude Include="src\Kernstuck\Core.h">
      <Filter>Kernstuck</Filter>
    </ClInclude>
    <ClInclude Include="src\Kernstuck\EntryPoint.h">
      <Filter>Kernstuck</Filter>
    </ClInclude>
    <ClInclude Include="src\Kernstuck\KernstucApllication.h">
      <Filter>Kernstuck</Filter>
    </ClInclude>
    <ClInclude Include="src\Kernstuck\Logger.h">
      <Filter>Kernstuck</Filter>
    </ClInclude>
  </ItemGroup>
  <ItemGroup>
    <ClCompile Include="src\Kernstuck\KernstucApllication.cpp">
      <Filter>Kernstuck</Filter>
    </ClCompile>
    <ClCompile Include="src\Kernstuck\Logger.cpp">
      <Filter>Kernstuck</Filter>
    </ClCompile>
  </ItemGroup>
</Project>